{
  "name": "papercharts",
  "lockfileVersion": 2,
  "requires": true,
  "packages": {
    "": {
      "dependencies": {
        "@calumk/editorjs-columns": "^0.3.1",
        "@editorjs/code": "^2.8.0",
        "@editorjs/delimiter": "^1.3.0",
        "@editorjs/editorjs": "^2.28.0",
        "@editorjs/header": "^2.7.0",
        "@editorjs/image": "^2.8.1",
        "@editorjs/inline-code": "^1.4.0",
        "@editorjs/list": "^1.8.0",
        "@editorjs/nested-list": "^1.3.0",
        "@editorjs/paragraph": "^2.10.0",
        "@editorjs/quote": "^2.5.0",
        "@editorjs/underline": "^1.1.0",
        "@editorjs/warning": "^1.3.0",
        "editorjs-alert": "^1.1.3",
        "editorjs-paragraph-with-alignment": "^3.0.0",
        "editorjs-style": "^3.0.3"
      },
      "devDependencies": {
        "@editorjs/checklist": "^1.5.0",
        "@editorjs/link": "^2.5.0",
        "editorjs-table": "^1.4.10",
        "editorjs-text-color-plugin": "^2.0.4",
        "editorjs-toggle-block": "^0.3.11"
      },
      "engines": {
        "node": "17.x"
      }
    },
    "node_modules/@babel/runtime": {
      "version": "7.22.15",
      "resolved": "https://registry.npmjs.org/@babel/runtime/-/runtime-7.22.15.tgz",
      "integrity": "sha512-T0O+aa+4w0u06iNmapipJXMV4HoUir03hpx3/YqXXhu9xim3w+dVphjFWl1OH8NbZHw5Lbm9k45drDkgq2VNNA==",
      "dev": true,
      "dependencies": {
        "regenerator-runtime": "^0.14.0"
      },
      "engines": {
        "node": ">=6.9.0"
      }
    },
    "node_modules/@calumk/editorjs-columns": {
      "version": "0.3.1",
      "resolved": "https://registry.npmjs.org/@calumk/editorjs-columns/-/editorjs-columns-0.3.1.tgz",
      "integrity": "sha512-q7DaNnigQ2txDJXxZJXlwxy6F+a9iIafpbTLhT4wUXGRhqFvNeG15MOxezE82D2aKQBdKppRi0oblcE+a6s+8A==",
      "dependencies": {
        "@editorjs/editorjs": "^2.26.5",
        "sweetalert2": "^11.4.10",
        "uuid": "^8.3.2"
      }
    },
    "node_modules/@calumk/editorjs-columns/node_modules/uuid": {
      "version": "8.3.2",
      "resolved": "https://registry.npmjs.org/uuid/-/uuid-8.3.2.tgz",
      "integrity": "sha512-+NYs2QeMWy+GWFOEm9xnn6HCDp0l7QBD7ml8zLUmJ+93Q5NF0NocErnwkTkXVFNiX3/fpC6afS8Dhb/gz7R7eg==",
      "bin": {
        "uuid": "dist/bin/uuid"
      }
    },
    "node_modules/@codexteam/icons": {
      "version": "0.0.5",
      "resolved": "https://registry.npmjs.org/@codexteam/icons/-/icons-0.0.5.tgz",
      "integrity": "sha512-s6H2KXhLz2rgbMZSkRm8dsMJvyUNZsEjxobBEg9ztdrb1B2H3pEzY6iTwI4XUPJWJ3c3qRKwV4TrO3J5jUdoQA=="
    },
    "node_modules/@editorjs/checklist": {
      "version": "1.5.0",
      "resolved": "https://registry.npmjs.org/@editorjs/checklist/-/checklist-1.5.0.tgz",
      "integrity": "sha512-2QUKDvLmtOFDaQLX6C+D9A4hIGBhsYwZW+60fOghSwC80dD931zOAA71cf+xppCTEhcr4eT18C6BJkBGf/DjTw==",
      "dev": true,
      "dependencies": {
        "@codexteam/icons": "^0.3.0"
      }
    },
    "node_modules/@editorjs/checklist/node_modules/@codexteam/icons": {
      "version": "0.3.0",
      "resolved": "https://registry.npmjs.org/@codexteam/icons/-/icons-0.3.0.tgz",
      "integrity": "sha512-fJE9dfFdgq8xU+sbsxjH0Kt8Yeatw9xHBJWb77DhRkEXz3OCoIS6hrRC1ewHEryxzIjxD8IyQrRq2f+Gz3BcmA==",
      "dev": true
    },
    "node_modules/@editorjs/code": {
      "version": "2.8.0",
      "resolved": "https://registry.npmjs.org/@editorjs/code/-/code-2.8.0.tgz",
      "integrity": "sha512-qlv1OqSEPKnLv/ZQgNFmVgqsMbGDkh/qgTEnbVWsS+yujo1nlwgVkqCB8tOkQGVsrpmAYLiWRlA413nKxxCN5w==",
      "dependencies": {
        "@codexteam/icons": "^0.0.5"
      }
    },
    "node_modules/@editorjs/delimiter": {
      "version": "1.3.0",
      "resolved": "https://registry.npmjs.org/@editorjs/delimiter/-/delimiter-1.3.0.tgz",
      "integrity": "sha512-/qz+3yRSPmx6dJpBcwnDfgKtCjOrCsQRoDhXR+wLWirGOchOifhYwQ/6JZyTvcgmY84UEoYY29/dgdWOGVPEEQ==",
      "dependencies": {
        "@codexteam/icons": "^0.0.5"
      }
    },
    "node_modules/@editorjs/editorjs": {
      "version": "2.28.0",
      "resolved": "https://registry.npmjs.org/@editorjs/editorjs/-/editorjs-2.28.0.tgz",
      "integrity": "sha512-v0KxSoX4MSZR5HyEbCo0vBri+qdThasABH9u1O1wC3ZxNMO7FiPJ580rp6uTPeFSDSQBmOL3VmRm7ZMfI3iKAg=="
    },
    "node_modules/@editorjs/header": {
      "version": "2.7.0",
      "resolved": "https://registry.npmjs.org/@editorjs/header/-/header-2.7.0.tgz",
      "integrity": "sha512-4fGKGe2ZYblVqR/P/iw5ieG00uXInFgNMftBMqJRYcB2hUPD30kuu7Sn6eJDcLXoKUMOeqi8Z2AlUxYAmvw7zQ==",
      "dependencies": {
        "@codexteam/icons": "^0.0.5"
      }
    },
    "node_modules/@editorjs/image": {
      "version": "2.8.1",
      "resolved": "https://registry.npmjs.org/@editorjs/image/-/image-2.8.1.tgz",
      "integrity": "sha512-4WscDAoi6OO0F6L7N1mkQymADwj8hHgH/ICk5wGRPdkesUZW1TgldX8XvSmy+f5VylsEi3F/gUggaZsrYxu2sA==",
      "dependencies": {
        "@codexteam/icons": "^0.0.6"
      }
    },
    "node_modules/@editorjs/image/node_modules/@codexteam/icons": {
      "version": "0.0.6",
      "resolved": "https://registry.npmjs.org/@codexteam/icons/-/icons-0.0.6.tgz",
      "integrity": "sha512-L7Q5PET8PjKcBT5wp7VR+FCjwCi5PUp7rd/XjsgQ0CI5FJz0DphyHGRILMuDUdCW2MQT9NHbVr4QP31vwAkS/A=="
    },
    "node_modules/@editorjs/inline-code": {
      "version": "1.4.0",
      "resolved": "https://registry.npmjs.org/@editorjs/inline-code/-/inline-code-1.4.0.tgz",
      "integrity": "sha512-nJJx2eBgQyml7U8MdMdJNFY2RgZCOuvvXHEW73xsdu36ZXCd44eAo7vq1S5Jz9l8bC676SvNbRfeH/nojXK37A==",
      "dependencies": {
        "@codexteam/icons": "^0.0.5"
      }
    },
    "node_modules/@editorjs/link": {
      "version": "2.5.0",
      "resolved": "https://registry.npmjs.org/@editorjs/link/-/link-2.5.0.tgz",
      "integrity": "sha512-3Oa1VweBY7Sscjzw8pv1QcWGyP+XdPl6+yu+gXnSETyjz9TQRZUjved0qw2OomYOjMZ3RumrdDJXxoALlZdvuQ==",
      "dev": true,
      "dependencies": {
        "@babel/runtime": "^7.10.2",
        "@codexteam/icons": "^0.0.4"
      }
    },
    "node_modules/@editorjs/link/node_modules/@codexteam/icons": {
      "version": "0.0.4",
      "resolved": "https://registry.npmjs.org/@codexteam/icons/-/icons-0.0.4.tgz",
      "integrity": "sha512-V8N/TY2TGyas4wLrPIFq7bcow68b3gu8DfDt1+rrHPtXxcexadKauRJL6eQgfG7Z0LCrN4boLRawR4S9gjIh/Q==",
      "dev": true
    },
    "node_modules/@editorjs/list": {
      "version": "1.8.0",
      "resolved": "https://registry.npmjs.org/@editorjs/list/-/list-1.8.0.tgz",
      "integrity": "sha512-Vq6cjyTXBzgegYv/MtTfuDdiz59yGhDEc/yAVXr6lmvoWAFs9cJ4TLuh4/9SbrbhIptcQLDvUjMDKmRrV6v2NQ==",
      "dependencies": {
        "@codexteam/icons": "^0.0.4"
      }
    },
    "node_modules/@editorjs/list/node_modules/@codexteam/icons": {
      "version": "0.0.4",
      "resolved": "https://registry.npmjs.org/@codexteam/icons/-/icons-0.0.4.tgz",
      "integrity": "sha512-V8N/TY2TGyas4wLrPIFq7bcow68b3gu8DfDt1+rrHPtXxcexadKauRJL6eQgfG7Z0LCrN4boLRawR4S9gjIh/Q=="
    },
    "node_modules/@editorjs/nested-list": {
      "version": "1.3.0",
      "resolved": "https://registry.npmjs.org/@editorjs/nested-list/-/nested-list-1.3.0.tgz",
      "integrity": "sha512-diRsa64YjR4Xnf5jbSxnRn9kfFc0ZOQBqp0dx3ZwHkm5wxN9D46KI7qXdIyOoUNzAFyK+/Q5c29PcoBJLOp01w==",
      "dependencies": {
        "@codexteam/icons": "^0.0.2"
      }
    },
    "node_modules/@editorjs/nested-list/node_modules/@codexteam/icons": {
      "version": "0.0.2",
      "resolved": "https://registry.npmjs.org/@codexteam/icons/-/icons-0.0.2.tgz",
      "integrity": "sha512-KdeKj3TwaTHqM3IXd5YjeJP39PBUZTb+dtHjGlf5+b0VgsxYD4qzsZkb11lzopZbAuDsHaZJmAYQ8LFligIT6Q=="
    },
    "node_modules/@editorjs/paragraph": {
      "version": "2.10.0",
      "resolved": "https://registry.npmjs.org/@editorjs/paragraph/-/paragraph-2.10.0.tgz",
      "integrity": "sha512-AzaGxR9DQAdWhx43yupBcwqtwH0WWi5jBDOCSeALIK86IYOnO6Lp4anEbH8IYmYrE/5MdnRiTwdU8/Xs8W15Nw==",
      "dependencies": {
        "@codexteam/icons": "^0.0.4"
      }
    },
    "node_modules/@editorjs/paragraph/node_modules/@codexteam/icons": {
      "version": "0.0.4",
      "resolved": "https://registry.npmjs.org/@codexteam/icons/-/icons-0.0.4.tgz",
      "integrity": "sha512-V8N/TY2TGyas4wLrPIFq7bcow68b3gu8DfDt1+rrHPtXxcexadKauRJL6eQgfG7Z0LCrN4boLRawR4S9gjIh/Q=="
    },
    "node_modules/@editorjs/quote": {
      "version": "2.5.0",
      "resolved": "https://registry.npmjs.org/@editorjs/quote/-/quote-2.5.0.tgz",
      "integrity": "sha512-24Mu8cESaj34a0kg1Enj7qiZ3yiCOsZI59+8xpfXLO/NkO7hBYWNForVcBy5yIWs/VLlEZK11FP37f/mHrKugQ==",
      "dependencies": {
        "@codexteam/icons": "^0.0.5"
      }
    },
    "node_modules/@editorjs/underline": {
      "version": "1.1.0",
      "resolved": "https://registry.npmjs.org/@editorjs/underline/-/underline-1.1.0.tgz",
      "integrity": "sha512-vQj2ROW1KreD31QHlhaPikmDJGWYzRBusN4Zyfwl9nIIQCByt4S8fZQpsrRvH4sct5mkirsHllNT00rJlqHK7Q==",
      "dependencies": {
        "@codexteam/icons": "^0.0.6"
      }
    },
    "node_modules/@editorjs/underline/node_modules/@codexteam/icons": {
      "version": "0.0.6",
      "resolved": "https://registry.npmjs.org/@codexteam/icons/-/icons-0.0.6.tgz",
      "integrity": "sha512-L7Q5PET8PjKcBT5wp7VR+FCjwCi5PUp7rd/XjsgQ0CI5FJz0DphyHGRILMuDUdCW2MQT9NHbVr4QP31vwAkS/A=="
    },
    "node_modules/@editorjs/warning": {
      "version": "1.3.0",
      "resolved": "https://registry.npmjs.org/@editorjs/warning/-/warning-1.3.0.tgz",
      "integrity": "sha512-b03oXNTxeqLXEH8Sqtzy0OXY3+Bbx6jpl2UnfFw9bN4KxTgrx3sIf5YtkavZmhZRmOFRFYdrl7bHxvr6KstO9Q==",
      "dependencies": {
        "@codexteam/icons": "^0.0.4"
      }
    },
    "node_modules/@editorjs/warning/node_modules/@codexteam/icons": {
      "version": "0.0.4",
      "resolved": "https://registry.npmjs.org/@codexteam/icons/-/icons-0.0.4.tgz",
      "integrity": "sha512-V8N/TY2TGyas4wLrPIFq7bcow68b3gu8DfDt1+rrHPtXxcexadKauRJL6eQgfG7Z0LCrN4boLRawR4S9gjIh/Q=="
    },
    "node_modules/editorjs-alert": {
      "version": "1.1.3",
      "resolved": "https://registry.npmjs.org/editorjs-alert/-/editorjs-alert-1.1.3.tgz",
      "integrity": "sha512-5z4Vsvu6hlJnSr0tI0Qj9wF/s0L6MNFX5C4SNKbv5CDyMxc6vCzH2bZkJk9QQ/wKQiRCXPrAlw93OlCylKQBNA=="
    },
    "node_modules/editorjs-paragraph-with-alignment": {
      "version": "3.0.0",
      "resolved": "https://registry.npmjs.org/editorjs-paragraph-with-alignment/-/editorjs-paragraph-with-alignment-3.0.0.tgz",
      "integrity": "sha512-vSjjB/KUECEBxYqbj9yn1L799L14n0uoKrvk5qfaAokIHB8mYg5hZ8mOTtoS2cJu+xE3QZ/jmHY/Fh0EJeM8ZQ=="
    },
    "node_modules/editorjs-style": {
      "version": "3.0.3",
      "resolved": "https://registry.npmjs.org/editorjs-style/-/editorjs-style-3.0.3.tgz",
      "integrity": "sha512-Ur+lAu5g3oaGKzWh7oJx+DsjaUNAwKouHGJDbE6+ZCF6QTxNj8EjE22DQXjtX26qL1YHt54ku2sC3lhVhm8MKQ==",
      "funding": {
        "type": "github",
        "url": "https://github.com/sponsors/hata6502"
      }
    },
    "node_modules/editorjs-table": {
      "version": "1.4.10",
      "resolved": "https://registry.npmjs.org/editorjs-table/-/editorjs-table-1.4.10.tgz",
      "integrity": "sha512-jRpgqnimReXXtMLhjXWQ2M+qkOLNqCvKfoiExpZtzPThTFNtSPrE6WZ/HhTsOA2BMkZSejoLcf4KUYvRa5dZYw==",
      "dev": true
    },
    "node_modules/editorjs-text-color-plugin": {
      "version": "2.0.4",
      "resolved": "https://registry.npmjs.org/editorjs-text-color-plugin/-/editorjs-text-color-plugin-2.0.4.tgz",
      "integrity": "sha512-QpibTkOxs3ndlKNOLT8ZlC4ktc3/eKIajiLO0Jm/hh9AJug/CrM1/rAvHy+ldfUKavbWeI+YZvgjad0YTyoyGw==",
      "dev": true
    },
    "node_modules/editorjs-toggle-block": {
      "version": "0.3.11",
      "resolved": "https://registry.npmjs.org/editorjs-toggle-block/-/editorjs-toggle-block-0.3.11.tgz",
      "integrity": "sha512-Z0/0/OKofiPU5rxlNcz7U/VANK0PGMWyKQ2tVZytMaoyHmqZXmpa68xKATvxO9ldher6873wjgOWT6ZK1bi5YA==",
      "dev": true,
      "dependencies": {
        "uuid": "^9.0.0"
      }
    },
    "node_modules/regenerator-runtime": {
      "version": "0.14.0",
      "resolved": "https://registry.npmjs.org/regenerator-runtime/-/regenerator-runtime-0.14.0.tgz",
      "integrity": "sha512-srw17NI0TUWHuGa5CFGGmhfNIeja30WMBfbslPNhf6JrqQlLN5gcrvig1oqPxiVaXb0oW0XRKtH6Nngs5lKCIA==",
      "dev": true
    },
    "node_modules/sweetalert2": {
      "version": "11.7.28",
      "resolved": "https://registry.npmjs.org/sweetalert2/-/sweetalert2-11.7.28.tgz",
      "integrity": "sha512-9895DVuYTDlV4Hx4IJablFKMdSqzwpy0PKycztbO4cXnOeVMmw55weOq4gcZAh3/tAyunCKjApFDrlSAcswwcA==",
      "funding": {
        "type": "individual",
        "url": "https://github.com/sponsors/limonte"
      }
    },
    "node_modules/uuid": {
      "version": "9.0.1",
      "resolved": "https://registry.npmjs.org/uuid/-/uuid-9.0.1.tgz",
      "integrity": "sha512-b+1eJOlsR9K8HJpow9Ok3fiWOWSIcIzXodvv0rQjVoOVNpWMpxf1wZNpt4y9h10odCNrqnYp1OBzRktckBe3sA==",
      "dev": true,
      "funding": [
        "https://github.com/sponsors/broofa",
        "https://github.com/sponsors/ctavan"
      ],
      "bin": {
        "uuid": "dist/bin/uuid"
      }
    }
  },
  "dependencies": {
    "@babel/runtime": {
      "version": "7.22.15",
      "resolved": "https://registry.npmjs.org/@babel/runtime/-/runtime-7.22.15.tgz",
      "integrity": "sha512-T0O+aa+4w0u06iNmapipJXMV4HoUir03hpx3/YqXXhu9xim3w+dVphjFWl1OH8NbZHw5Lbm9k45drDkgq2VNNA==",
      "dev": true,
      "requires": {
        "regenerator-runtime": "^0.14.0"
      }
    },
    "@calumk/editorjs-columns": {
      "version": "0.3.1",
      "resolved": "https://registry.npmjs.org/@calumk/editorjs-columns/-/editorjs-columns-0.3.1.tgz",
      "integrity": "sha512-q7DaNnigQ2txDJXxZJXlwxy6F+a9iIafpbTLhT4wUXGRhqFvNeG15MOxezE82D2aKQBdKppRi0oblcE+a6s+8A==",
      "requires": {
        "@editorjs/editorjs": "^2.26.5",
        "sweetalert2": "^11.4.10",
        "uuid": "^8.3.2"
      },
      "dependencies": {
        "uuid": {
          "version": "8.3.2",
          "resolved": "https://registry.npmjs.org/uuid/-/uuid-8.3.2.tgz",
          "integrity": "sha512-+NYs2QeMWy+GWFOEm9xnn6HCDp0l7QBD7ml8zLUmJ+93Q5NF0NocErnwkTkXVFNiX3/fpC6afS8Dhb/gz7R7eg=="
        }
      }
    },
    "@codexteam/icons": {
      "version": "0.0.5",
      "resolved": "https://registry.npmjs.org/@codexteam/icons/-/icons-0.0.5.tgz",
      "integrity": "sha512-s6H2KXhLz2rgbMZSkRm8dsMJvyUNZsEjxobBEg9ztdrb1B2H3pEzY6iTwI4XUPJWJ3c3qRKwV4TrO3J5jUdoQA=="
    },
    "@editorjs/checklist": {
      "version": "1.5.0",
      "resolved": "https://registry.npmjs.org/@editorjs/checklist/-/checklist-1.5.0.tgz",
      "integrity": "sha512-2QUKDvLmtOFDaQLX6C+D9A4hIGBhsYwZW+60fOghSwC80dD931zOAA71cf+xppCTEhcr4eT18C6BJkBGf/DjTw==",
      "dev": true,
      "requires": {
        "@codexteam/icons": "^0.3.0"
      },
      "dependencies": {
        "@codexteam/icons": {
          "version": "0.3.0",
          "resolved": "https://registry.npmjs.org/@codexteam/icons/-/icons-0.3.0.tgz",
          "integrity": "sha512-fJE9dfFdgq8xU+sbsxjH0Kt8Yeatw9xHBJWb77DhRkEXz3OCoIS6hrRC1ewHEryxzIjxD8IyQrRq2f+Gz3BcmA==",
          "dev": true
        }
      }
    },
    "@editorjs/code": {
      "version": "2.8.0",
      "resolved": "https://registry.npmjs.org/@editorjs/code/-/code-2.8.0.tgz",
      "integrity": "sha512-qlv1OqSEPKnLv/ZQgNFmVgqsMbGDkh/qgTEnbVWsS+yujo1nlwgVkqCB8tOkQGVsrpmAYLiWRlA413nKxxCN5w==",
      "requires": {
        "@codexteam/icons": "^0.0.5"
      }
    },
    "@editorjs/delimiter": {
      "version": "1.3.0",
      "resolved": "https://registry.npmjs.org/@editorjs/delimiter/-/delimiter-1.3.0.tgz",
      "integrity": "sha512-/qz+3yRSPmx6dJpBcwnDfgKtCjOrCsQRoDhXR+wLWirGOchOifhYwQ/6JZyTvcgmY84UEoYY29/dgdWOGVPEEQ==",
      "requires": {
        "@codexteam/icons": "^0.0.5"
      }
    },
    "@editorjs/editorjs": {
      "version": "2.28.0",
      "resolved": "https://registry.npmjs.org/@editorjs/editorjs/-/editorjs-2.28.0.tgz",
      "integrity": "sha512-v0KxSoX4MSZR5HyEbCo0vBri+qdThasABH9u1O1wC3ZxNMO7FiPJ580rp6uTPeFSDSQBmOL3VmRm7ZMfI3iKAg=="
    },
    "@editorjs/header": {
      "version": "2.7.0",
      "resolved": "https://registry.npmjs.org/@editorjs/header/-/header-2.7.0.tgz",
      "integrity": "sha512-4fGKGe2ZYblVqR/P/iw5ieG00uXInFgNMftBMqJRYcB2hUPD30kuu7Sn6eJDcLXoKUMOeqi8Z2AlUxYAmvw7zQ==",
      "requires": {
        "@codexteam/icons": "^0.0.5"
      }
    },
    "@editorjs/image": {
      "version": "2.8.1",
      "resolved": "https://registry.npmjs.org/@editorjs/image/-/image-2.8.1.tgz",
      "integrity": "sha512-4WscDAoi6OO0F6L7N1mkQymADwj8hHgH/ICk5wGRPdkesUZW1TgldX8XvSmy+f5VylsEi3F/gUggaZsrYxu2sA==",
      "requires": {
        "@codexteam/icons": "^0.0.6"
      },
      "dependencies": {
        "@codexteam/icons": {
          "version": "0.0.6",
          "resolved": "https://registry.npmjs.org/@codexteam/icons/-/icons-0.0.6.tgz",
          "integrity": "sha512-L7Q5PET8PjKcBT5wp7VR+FCjwCi5PUp7rd/XjsgQ0CI5FJz0DphyHGRILMuDUdCW2MQT9NHbVr4QP31vwAkS/A=="
        }
      }
    },
    "@editorjs/inline-code": {
      "version": "1.4.0",
      "resolved": "https://registry.npmjs.org/@editorjs/inline-code/-/inline-code-1.4.0.tgz",
      "integrity": "sha512-nJJx2eBgQyml7U8MdMdJNFY2RgZCOuvvXHEW73xsdu36ZXCd44eAo7vq1S5Jz9l8bC676SvNbRfeH/nojXK37A==",
      "requires": {
        "@codexteam/icons": "^0.0.5"
      }
    },
    "@editorjs/link": {
      "version": "2.5.0",
      "resolved": "https://registry.npmjs.org/@editorjs/link/-/link-2.5.0.tgz",
      "integrity": "sha512-3Oa1VweBY7Sscjzw8pv1QcWGyP+XdPl6+yu+gXnSETyjz9TQRZUjved0qw2OomYOjMZ3RumrdDJXxoALlZdvuQ==",
      "dev": true,
      "requires": {
        "@babel/runtime": "^7.10.2",
        "@codexteam/icons": "^0.0.4"
      },
      "dependencies": {
        "@codexteam/icons": {
          "version": "0.0.4",
          "resolved": "https://registry.npmjs.org/@codexteam/icons/-/icons-0.0.4.tgz",
          "integrity": "sha512-V8N/TY2TGyas4wLrPIFq7bcow68b3gu8DfDt1+rrHPtXxcexadKauRJL6eQgfG7Z0LCrN4boLRawR4S9gjIh/Q==",
          "dev": true
        }
      }
    },
    "@editorjs/list": {
      "version": "1.8.0",
      "resolved": "https://registry.npmjs.org/@editorjs/list/-/list-1.8.0.tgz",
      "integrity": "sha512-Vq6cjyTXBzgegYv/MtTfuDdiz59yGhDEc/yAVXr6lmvoWAFs9cJ4TLuh4/9SbrbhIptcQLDvUjMDKmRrV6v2NQ==",
      "requires": {
        "@codexteam/icons": "^0.0.4"
      },
      "dependencies": {
        "@codexteam/icons": {
          "version": "0.0.4",
          "resolved": "https://registry.npmjs.org/@codexteam/icons/-/icons-0.0.4.tgz",
          "integrity": "sha512-V8N/TY2TGyas4wLrPIFq7bcow68b3gu8DfDt1+rrHPtXxcexadKauRJL6eQgfG7Z0LCrN4boLRawR4S9gjIh/Q=="
        }
      }
    },
    "@editorjs/nested-list": {
      "version": "1.3.0",
      "resolved": "https://registry.npmjs.org/@editorjs/nested-list/-/nested-list-1.3.0.tgz",
      "integrity": "sha512-diRsa64YjR4Xnf5jbSxnRn9kfFc0ZOQBqp0dx3ZwHkm5wxN9D46KI7qXdIyOoUNzAFyK+/Q5c29PcoBJLOp01w==",
      "requires": {
        "@codexteam/icons": "^0.0.2"
      },
      "dependencies": {
        "@codexteam/icons": {
          "version": "0.0.2",
          "resolved": "https://registry.npmjs.org/@codexteam/icons/-/icons-0.0.2.tgz",
          "integrity": "sha512-KdeKj3TwaTHqM3IXd5YjeJP39PBUZTb+dtHjGlf5+b0VgsxYD4qzsZkb11lzopZbAuDsHaZJmAYQ8LFligIT6Q=="
        }
      }
    },
    "@editorjs/paragraph": {
      "version": "2.10.0",
      "resolved": "https://registry.npmjs.org/@editorjs/paragraph/-/paragraph-2.10.0.tgz",
      "integrity": "sha512-AzaGxR9DQAdWhx43yupBcwqtwH0WWi5jBDOCSeALIK86IYOnO6Lp4anEbH8IYmYrE/5MdnRiTwdU8/Xs8W15Nw==",
      "requires": {
        "@codexteam/icons": "^0.0.4"
      },
      "dependencies": {
        "@codexteam/icons": {
          "version": "0.0.4",
          "resolved": "https://registry.npmjs.org/@codexteam/icons/-/icons-0.0.4.tgz",
          "integrity": "sha512-V8N/TY2TGyas4wLrPIFq7bcow68b3gu8DfDt1+rrHPtXxcexadKauRJL6eQgfG7Z0LCrN4boLRawR4S9gjIh/Q=="
        }
      }
    },
    "@editorjs/quote": {
      "version": "2.5.0",
      "resolved": "https://registry.npmjs.org/@editorjs/quote/-/quote-2.5.0.tgz",
      "integrity": "sha512-24Mu8cESaj34a0kg1Enj7qiZ3yiCOsZI59+8xpfXLO/NkO7hBYWNForVcBy5yIWs/VLlEZK11FP37f/mHrKugQ==",
      "requires": {
        "@codexteam/icons": "^0.0.5"
      }
    },
    "@editorjs/underline": {
      "version": "1.1.0",
      "resolved": "https://registry.npmjs.org/@editorjs/underline/-/underline-1.1.0.tgz",
      "integrity": "sha512-vQj2ROW1KreD31QHlhaPikmDJGWYzRBusN4Zyfwl9nIIQCByt4S8fZQpsrRvH4sct5mkirsHllNT00rJlqHK7Q==",
      "requires": {
        "@codexteam/icons": "^0.0.6"
      },
      "dependencies": {
        "@codexteam/icons": {
          "version": "0.0.6",
          "resolved": "https://registry.npmjs.org/@codexteam/icons/-/icons-0.0.6.tgz",
          "integrity": "sha512-L7Q5PET8PjKcBT5wp7VR+FCjwCi5PUp7rd/XjsgQ0CI5FJz0DphyHGRILMuDUdCW2MQT9NHbVr4QP31vwAkS/A=="
        }
      }
    },
    "@editorjs/warning": {
      "version": "1.3.0",
      "resolved": "https://registry.npmjs.org/@editorjs/warning/-/warning-1.3.0.tgz",
      "integrity": "sha512-b03oXNTxeqLXEH8Sqtzy0OXY3+Bbx6jpl2UnfFw9bN4KxTgrx3sIf5YtkavZmhZRmOFRFYdrl7bHxvr6KstO9Q==",
      "requires": {
        "@codexteam/icons": "^0.0.4"
      },
      "dependencies": {
        "@codexteam/icons": {
          "version": "0.0.4",
          "resolved": "https://registry.npmjs.org/@codexteam/icons/-/icons-0.0.4.tgz",
          "integrity": "sha512-V8N/TY2TGyas4wLrPIFq7bcow68b3gu8DfDt1+rrHPtXxcexadKauRJL6eQgfG7Z0LCrN4boLRawR4S9gjIh/Q=="
        }
      }
    },
    "editorjs-alert": {
      "version": "1.1.3",
      "resolved": "https://registry.npmjs.org/editorjs-alert/-/editorjs-alert-1.1.3.tgz",
      "integrity": "sha512-5z4Vsvu6hlJnSr0tI0Qj9wF/s0L6MNFX5C4SNKbv5CDyMxc6vCzH2bZkJk9QQ/wKQiRCXPrAlw93OlCylKQBNA=="
    },
    "editorjs-paragraph-with-alignment": {
      "version": "3.0.0",
      "resolved": "https://registry.npmjs.org/editorjs-paragraph-with-alignment/-/editorjs-paragraph-with-alignment-3.0.0.tgz",
      "integrity": "sha512-vSjjB/KUECEBxYqbj9yn1L799L14n0uoKrvk5qfaAokIHB8mYg5hZ8mOTtoS2cJu+xE3QZ/jmHY/Fh0EJeM8ZQ=="
    },
    "editorjs-style": {
      "version": "3.0.3",
      "resolved": "https://registry.npmjs.org/editorjs-style/-/editorjs-style-3.0.3.tgz",
      "integrity": "sha512-Ur+lAu5g3oaGKzWh7oJx+DsjaUNAwKouHGJDbE6+ZCF6QTxNj8EjE22DQXjtX26qL1YHt54ku2sC3lhVhm8MKQ=="
    },
    "editorjs-table": {
      "version": "1.4.10",
      "resolved": "https://registry.npmjs.org/editorjs-table/-/editorjs-table-1.4.10.tgz",
      "integrity": "sha512-jRpgqnimReXXtMLhjXWQ2M+qkOLNqCvKfoiExpZtzPThTFNtSPrE6WZ/HhTsOA2BMkZSejoLcf4KUYvRa5dZYw==",
      "dev": true
    },
    "editorjs-text-color-plugin": {
      "version": "2.0.4",
      "resolved": "https://registry.npmjs.org/editorjs-text-color-plugin/-/editorjs-text-color-plugin-2.0.4.tgz",
      "integrity": "sha512-QpibTkOxs3ndlKNOLT8ZlC4ktc3/eKIajiLO0Jm/hh9AJug/CrM1/rAvHy+ldfUKavbWeI+YZvgjad0YTyoyGw==",
      "dev": true
    },
    "editorjs-toggle-block": {
      "version": "0.3.11",
      "resolved": "https://registry.npmjs.org/editorjs-toggle-block/-/editorjs-toggle-block-0.3.11.tgz",
      "integrity": "sha512-Z0/0/OKofiPU5rxlNcz7U/VANK0PGMWyKQ2tVZytMaoyHmqZXmpa68xKATvxO9ldher6873wjgOWT6ZK1bi5YA==",
      "dev": true,
      "requires": {
        "uuid": "^9.0.0"
      }
    },
    "regenerator-runtime": {
      "version": "0.14.0",
      "resolved": "https://registry.npmjs.org/regenerator-runtime/-/regenerator-runtime-0.14.0.tgz",
      "integrity": "sha512-srw17NI0TUWHuGa5CFGGmhfNIeja30WMBfbslPNhf6JrqQlLN5gcrvig1oqPxiVaXb0oW0XRKtH6Nngs5lKCIA==",
      "dev": true
    },
    "sweetalert2": {
      "version": "11.7.28",
      "resolved": "https://registry.npmjs.org/sweetalert2/-/sweetalert2-11.7.28.tgz",
      "integrity": "sha512-9895DVuYTDlV4Hx4IJablFKMdSqzwpy0PKycztbO4cXnOeVMmw55weOq4gcZAh3/tAyunCKjApFDrlSAcswwcA=="
    },
    "uuid": {
      "version": "9.0.1",
      "resolved": "https://registry.npmjs.org/uuid/-/uuid-9.0.1.tgz",
      "integrity": "sha512-b+1eJOlsR9K8HJpow9Ok3fiWOWSIcIzXodvv0rQjVoOVNpWMpxf1wZNpt4y9h10odCNrqnYp1OBzRktckBe3sA==",
      "dev": true
    }
  }
}
